
Microsoft Visual Studio Solution File, Format Version 12.00
# Visual Studio 2012
Project("{8BC9CEB8-8B4A-11D0-8D11-00A0C91BC942}") = "MichaelTestWin", "MichaelTestWin\MichaelTestWin.vcxproj", "{8CE771D8-8437-476D-820C-881AB06421A0}"
EndProject
Project("{8BC9CEB8-8B4A-11D0-8D11-00A0C91BC942}") = "ResetWin10", "ResetWin10\ResetWin10.vcxproj", "{6BC76050-26E8-4828-AA75-1B7AABC95208}"
EndProject
Project("{FAE04EC0-301F-11D3-BF4B-00C04F79EFBC}") = "ResetSystem", "ResetSystem\ResetSystem.csproj", "{DEC5DC15-0AD4-424F-B470-CFC5EB955785}"
EndProject
Project("{8BC9CEB8-8B4A-11D0-8D11-00A0C91BC942}") = "ParseFFS", "ParseFFS\ParseFFS.vcxproj", "{1AD2FFC1-3582-480F-9507-D2B5C03F884E}"
EndProject
Global
	GlobalSection(SolutionConfigurationPlatforms) = preSolution
		Debug|Any CPU = Debug|Any CPU
		Debug|Mixed Platforms = Debug|Mixed Platforms
		Debug|Win32 = Debug|Win32
		Debug|x64 = Debug|x64
		Release|Any CPU = Release|Any CPU
		Release|Mixed Platforms = Release|Mixed Platforms
		Release|Win32 = Release|Win32
		Release|x64 = Release|x64
	EndGlobalSection
	GlobalSection(ProjectConfigurationPlatforms) = postSolution
		{8CE771D8-8437-476D-820C-881AB06421A0}.Debug|Any CPU.ActiveCfg = Debug|Win32
		{8CE771D8-8437-476D-820C-881AB06421A0}.Debug|Mixed Platforms.ActiveCfg = Debug|Win32
		{8CE771D8-8437-476D-820C-881AB06421A0}.Debug|Mixed Platforms.Build.0 = Debug|Win32
		{8CE771D8-8437-476D-820C-881AB06421A0}.Debug|Win32.ActiveCfg = Debug|Win32
		{8CE771D8-8437-476D-820C-881AB06421A0}.Debug|Win32.Build.0 = Debug|Win32
		{8CE771D8-8437-476D-820C-881AB06421A0}.Debug|x64.ActiveCfg = Debug|x64
		{8CE771D8-8437-476D-820C-881AB06421A0}.Debug|x64.Build.0 = Debug|x64
		{8CE771D8-8437-476D-820C-881AB06421A0}.Release|Any CPU.ActiveCfg = Release|Win32
		{8CE771D8-8437-476D-820C-881AB06421A0}.Release|Mixed Platforms.ActiveCfg = Release|Win32
		{8CE771D8-8437-476D-820C-881AB06421A0}.Release|Mixed Platforms.Build.0 = Release|Win32
		{8CE771D8-8437-476D-820C-881AB06421A0}.Release|Win32.ActiveCfg = Release|Win32
		{8CE771D8-8437-476D-820C-881AB06421A0}.Release|Win32.Build.0 = Release|Win32
		{8CE771D8-8437-476D-820C-881AB06421A0}.Release|x64.ActiveCfg = Release|x64
		{8CE771D8-8437-476D-820C-881AB06421A0}.Release|x64.Build.0 = Release|x64
		{6BC76050-26E8-4828-AA75-1B7AABC95208}.Debug|Any CPU.ActiveCfg = Debug|Win32
		{6BC76050-26E8-4828-AA75-1B7AABC95208}.Debug|Mixed Platforms.ActiveCfg = Debug|Win32
		{6BC76050-26E8-4828-AA75-1B7AABC95208}.Debug|Mixed Platforms.Build.0 = Debug|Win32
		{6BC76050-26E8-4828-AA75-1B7AABC95208}.Debug|Win32.ActiveCfg = Debug|Win32
		{6BC76050-26E8-4828-AA75-1B7AABC95208}.Debug|Win32.Build.0 = Debug|Win32
		{6BC76050-26E8-4828-AA75-1B7AABC95208}.Debug|x64.ActiveCfg = Debug|x64
		{6BC76050-26E8-4828-AA75-1B7AABC95208}.Debug|x64.Build.0 = Debug|x64
		{6BC76050-26E8-4828-AA75-1B7AABC95208}.Release|Any CPU.ActiveCfg = Release|Win32
		{6BC76050-26E8-4828-AA75-1B7AABC95208}.Release|Mixed Platforms.ActiveCfg = Release|Win32
		{6BC76050-26E8-4828-AA75-1B7AABC95208}.Release|Mixed Platforms.Build.0 = Release|Win32
		{6BC76050-26E8-4828-AA75-1B7AABC95208}.Release|Win32.ActiveCfg = Release|Win32
		{6BC76050-26E8-4828-AA75-1B7AABC95208}.Release|Win32.Build.0 = Release|Win32
		{6BC76050-26E8-4828-AA75-1B7AABC95208}.Release|x64.ActiveCfg = Release|x64
		{6BC76050-26E8-4828-AA75-1B7AABC95208}.Release|x64.Build.0 = Release|x64
		{DEC5DC15-0AD4-424F-B470-CFC5EB955785}.Debug|Any CPU.ActiveCfg = Debug|Any CPU
		{DEC5DC15-0AD4-424F-B470-CFC5EB955785}.Debug|Any CPU.Build.0 = Debug|Any CPU
		{DEC5DC15-0AD4-424F-B470-CFC5EB955785}.Debug|Mixed Platforms.ActiveCfg = Debug|Any CPU
		{DEC5DC15-0AD4-424F-B470-CFC5EB955785}.Debug|Mixed Platforms.Build.0 = Debug|Any CPU
		{DEC5DC15-0AD4-424F-B470-CFC5EB955785}.Debug|Win32.ActiveCfg = Debug|Any CPU
		{DEC5DC15-0AD4-424F-B470-CFC5EB955785}.Debug|Win32.Build.0 = Debug|Any CPU
		{DEC5DC15-0AD4-424F-B470-CFC5EB955785}.Debug|x64.ActiveCfg = Debug|Any CPU
		{DEC5DC15-0AD4-424F-B470-CFC5EB955785}.Debug|x64.Build.0 = Debug|Any CPU
		{DEC5DC15-0AD4-424F-B470-CFC5EB955785}.Release|Any CPU.ActiveCfg = Release|Any CPU
		{DEC5DC15-0AD4-424F-B470-CFC5EB955785}.Release|Any CPU.Build.0 = Release|Any CPU
		{DEC5DC15-0AD4-424F-B470-CFC5EB955785}.Release|Mixed Platforms.ActiveCfg = Release|Any CPU
		{DEC5DC15-0AD4-424F-B470-CFC5EB955785}.Release|Mixed Platforms.Build.0 = Release|Any CPU
		{DEC5DC15-0AD4-424F-B470-CFC5EB955785}.Release|Win32.ActiveCfg = Release|Any CPU
		{DEC5DC15-0AD4-424F-B470-CFC5EB955785}.Release|x64.ActiveCfg = Release|Any CPU
		{1AD2FFC1-3582-480F-9507-D2B5C03F884E}.Debug|Any CPU.ActiveCfg = Debug|Win32
		{1AD2FFC1-3582-480F-9507-D2B5C03F884E}.Debug|Mixed Platforms.ActiveCfg = Debug|Win32
		{1AD2FFC1-3582-480F-9507-D2B5C03F884E}.Debug|Mixed Platforms.Build.0 = Debug|Win32
		{1AD2FFC1-3582-480F-9507-D2B5C03F884E}.Debug|Win32.ActiveCfg = Debug|Win32
		{1AD2FFC1-3582-480F-9507-D2B5C03F884E}.Debug|Win32.Build.0 = Debug|Win32
		{1AD2FFC1-3582-480F-9507-D2B5C03F884E}.Debug|x64.ActiveCfg = Debug|Win32
		{1AD2FFC1-3582-480F-9507-D2B5C03F884E}.Debug|x64.Build.0 = Debug|Win32
		{1AD2FFC1-3582-480F-9507-D2B5C03F884E}.Release|Any CPU.ActiveCfg = Release|Win32
		{1AD2FFC1-3582-480F-9507-D2B5C03F884E}.Release|Mixed Platforms.ActiveCfg = Release|Win32
		{1AD2FFC1-3582-480F-9507-D2B5C03F884E}.Release|Mixed Platforms.Build.0 = Release|Win32
		{1AD2FFC1-3582-480F-9507-D2B5C03F884E}.Release|Win32.ActiveCfg = Release|Win32
		{1AD2FFC1-3582-480F-9507-D2B5C03F884E}.Release|Win32.Build.0 = Release|Win32
		{1AD2FFC1-3582-480F-9507-D2B5C03F884E}.Release|x64.ActiveCfg = Release|Win32
	EndGlobalSection
	GlobalSection(SolutionProperties) = preSolution
		HideSolutionNode = FALSE
	EndGlobalSection
EndGlobal
